
Microsoft Visual Studio Solution File, Format Version 12.00
# Visual Studio Version 17
VisualStudioVersion = 17.0.31903.59
MinimumVisualStudioVersion = 10.0.40219.1
Project("{2150E333-8FDC-42A3-9474-1A3956D46DE8}") = "src", "src", "{D7D79B9B-0BE8-4908-BD28-01599D9869E3}"
EndProject
Project("{FAE04EC0-301F-11D3-BF4B-00C04F79EFBC}") = "UI", "src\UI\UI.csproj", "{E1CAE200-7721-4A69-87C1-FFDC88BADA4F}"
EndProject
Project("{FAE04EC0-301F-11D3-BF4B-00C04F79EFBC}") = "Domain", "src\Domain\Domain.csproj", "{5009CC75-31CD-4748-8DB2-DEC9D1EBD0EA}"
EndProject
Global
	GlobalSection(SolutionConfigurationPlatforms) = preSolution
		Debug|Any CPU = Debug|Any CPU
		Release|Any CPU = Release|Any CPU
	EndGlobalSection
	GlobalSection(SolutionProperties) = preSolution
		HideSolutionNode = FALSE
	EndGlobalSection
	GlobalSection(ProjectConfigurationPlatforms) = postSolution
		{E1CAE200-7721-4A69-87C1-FFDC88BADA4F}.Debug|Any CPU.ActiveCfg = Debug|Any CPU
		{E1CAE200-7721-4A69-87C1-FFDC88BADA4F}.Debug|Any CPU.Build.0 = Debug|Any CPU
		{E1CAE200-7721-4A69-87C1-FFDC88BADA4F}.Release|Any CPU.ActiveCfg = Release|Any CPU
		{E1CAE200-7721-4A69-87C1-FFDC88BADA4F}.Release|Any CPU.Build.0 = Release|Any CPU
		{5009CC75-31CD-4748-8DB2-DEC9D1EBD0EA}.Debug|Any CPU.ActiveCfg = Debug|Any CPU
		{5009CC75-31CD-4748-8DB2-DEC9D1EBD0EA}.Debug|Any CPU.Build.0 = Debug|Any CPU
		{5009CC75-31CD-4748-8DB2-DEC9D1EBD0EA}.Release|Any CPU.ActiveCfg = Release|Any CPU
		{5009CC75-31CD-4748-8DB2-DEC9D1EBD0EA}.Release|Any CPU.Build.0 = Release|Any CPU
	EndGlobalSection
	GlobalSection(NestedProjects) = preSolution
		{E1CAE200-7721-4A69-87C1-FFDC88BADA4F} = {D7D79B9B-0BE8-4908-BD28-01599D9869E3}
		{5009CC75-31CD-4748-8DB2-DEC9D1EBD0EA} = {D7D79B9B-0BE8-4908-BD28-01599D9869E3}
	EndGlobalSection
EndGlobal
